github.com/google/licensecheck v0.3.1 h1:QoxgoDkaeC4nFrtGN1jV7IPmDCHFNIVh54e5hSt6sPs=
github.com/google/licensecheck v0.3.1/go.mod h1:ORkR35t/JjW+emNKtfJDII0zlciG9JgbT7SmsohlHmY=
github.com/opencontainers/go-digest v1.0.0 h1:apOUWs51W5PlhuyGyz9FCeeBIOUDA/6nW8Oi/yOhh5U=
github.com/opencontainers/go-digest v1.0.0/go.mod h1:0JzlMkj0TRzQZfJkVvzbP0HBR3IKzErnv2BNG4W4MAM=
github.com/opencontainers/image-spec v1.1.1 h1:y0fUlFfIZhPF1W537XOLg0/fcx6zcHCJwooC2xJA040=
github.com/opencontainers/image-spec v1.1.1/go.mod h1:qpqAh3Dmcf36wStyyWU+kCeDgrGnAve2nCC8+7h8Q0M=
github.com/woozymasta/calver v0.1.0 h1:u5urHLK2w9WBUN73L7wS4obkkTzxbVnn9OvphTl9ipw=
github.com/woozymasta/calver v0.1.0/go.mod h1:pqQb5s69AQTWbXqsh/dQEMyl+T1PcGtElnObK+84K9w=
github.com/woozymasta/flags v0.12.1 h1:wr7XtJGE0NJC7zdXDVV54LFub/V3jMRTceUp7VMncuc=
github.com/woozymasta/flags v0.12.1/go.mod h1:3UA+ELeAv3k/GJ0gG6aB+iKMmZutMLSpRmSSb2xftbk=
github.com/woozymasta/rats v0.4.0 h1:2hfj2QcRoI7VyrGNkjD+b8wSgex/Q0t/EnkrbGlsstw=
github.com/woozymasta/rats v0.4.0/go.mod h1:5csWbOSg8bJDRIONrHsuWHkvQEVxNhNRDm6A1ZLfuuo=
github.com/woozymasta/semver v0.3.0 h1:sE0cBmW5qF6fQwcgCT2geVzJxLd+YlcrvdyGt3h4GnA=
github.com/woozymasta/semver v0.3.0/go.mod h1:oidP86uSFQ4Fvp+L1t8RYyyl8Yl440iTeP6GbmVmXFw=
github.com/yuin/goldmark v1.8.5 h1:r6N5afV5qj/5S4UTch8agZHJ8UxNCMwX7WjkkJam2NA=
github.com/yuin/goldmark v1.8.5/go.mod h1:ip/1k0VRfGynBgxOz0yCqHrbZXhcjxyuS66Brc7iBKg=
golang.org/x/sync v0.22.0 h1:SZjpbeLmrCk4xhRSZFNZW5gFUeCeFgjekvI/+gfScek=
golang.org/x/sync v0.22.0/go.mod h1:9xrNwdLfx4jkKbNva9FpL6vEN7evnE43NNNJQ2LF3+0=
golang.org/x/sys v0.47.0 h1:o7XGOvZQCADBQQ4Y7VNq2dRWQR7JmOUW8Kxx4ZsNgWs=
golang.org/x/sys v0.47.0/go.mod h1:4GL1E5IUh+htKOUEOaiffhrAeqysfVGipDYzABqnCmw=
golang.org/x/term v0.45.0 h1:NwWyBmoJCbfTHpxrWoZ9C6/VxOf7ic219I8xZZFdrf0=
golang.org/x/term v0.45.0/go.mod h1:9aqxs0blBcrm/n0L9QW0aRVD+ktan8ssZromtqJC43w=
golang.org/x/text v0.40.0 h1:Ub2Z6/xjgF1WrYQz2nuITOEegKFtiIy+rieRJ5lHZKs=
golang.org/x/text v0.40.0/go.mod h1:hpnzDAfGV753zIKo+wk3u1bVKCGPbrnF7+7LBF/UHVY=
oras.land/oras-go/v2 v2.6.2 h1:N04RXngAp1LJKTG6ifz3xHPipasEkWr+hFmInja5YKo=
oras.land/oras-go/v2 v2.6.2/go.mod h1:PlTtg4JTDJkDe8yVHpM2wz7/YDc00GVas+i4jAW2TZ4=
